{
  "name": "socket-server",
  "version": "1.0.0",
  "lockfileVersion": 3,
  "requires": true,
  "packages": {
    "": {
      "name": "socket-server",
      "version": "1.0.0",
      "dependencies": {
        "cors": "^2.8.5",
        "express": "^5.1.0",
        "socket.io": "^4.8.1"
      }
    }
  },
  "dependencies": {
    "cors": {
      "version": "2.8.5",
      "resolved": "https://registry.npmjs.org/cors/-/cors-2.8.5.tgz",
      "integrity": "sha512-NxQ3aHJOeXnEwPhYu95LjzqS4I2oXeB9lnAaPD75eZEqzDveoxu48UUfZo0M0RKZ77mC9qv6bK5/WvCHf5t6mw=="
    },
    "express": {
      "version": "5.1.0",
      "resolved": "https://registry.npmjs.org/express/-/express-5.1.0.tgz",
      "integrity": "sha512-JRrFkMrDXLI4YAlnXrhIRbkIuAeGHWxirMRHkRkNvztNFVQVw1Gc7YCOUMIqFZ3VAb9YSEuxsjjXNMTvEihQ6w=="
    },
    "socket.io": {
      "version": "4.8.1",
      "resolved": "https://registry.npmjs.org/socket.io/-/socket.io-4.8.1.tgz",
      "integrity": "sha512-BuzMdGII4XESyqSeX5TR1+t0NenE2no0RvrRZtGJPD7WvyaManIeZDV4SSQSSHqzTeWY5AvzkdxlIo0NGdiszA=="
    }
  }
}
